
Microsoft Visual Studio Solution File, Format Version 12.00
# Visual Studio Version 17
VisualStudioVersion = 17.3.32929.385
MinimumVisualStudioVersion = 10.0.40219.1
Project("{9A19103F-16F7-4668-BE54-9A1E7A4F7556}") = "Lux-Lens.Core", "Lux-Lens.Core\Lux-Lens.Core.csproj", "{8515F6EA-50D5-49DB-B998-90FF477EB8EC}"
EndProject
Project("{9A19103F-16F7-4668-BE54-9A1E7A4F7556}") = "Lux-Lens.DataAccess", "Lux-Lens.DataAccess\Lux-Lens.DataAccess.csproj", "{B73E74FF-E6A1-4135-A9B2-F6A535A5285D}"
EndProject
Project("{9A19103F-16F7-4668-BE54-9A1E7A4F7556}") = "Lux-Lens.ApplicationServices", "Lux-Lens.ApplicationServices\Lux-Lens.ApplicationServices.csproj", "{3ECC2A1D-F0DF-4587-8F8A-79D5363C484A}"
EndProject
Project("{9A19103F-16F7-4668-BE54-9A1E7A4F7556}") = "Lux-Lens.Web", "Lux-Lens.Web\Lux-Lens.Web.csproj", "{C33AA207-111D-4AFA-87BC-86F9960CA146}"
EndProject
Project("{9A19103F-16F7-4668-BE54-9A1E7A4F7556}") = "LuxLens.Api", "LuxLens.Api\LuxLens.Api.csproj", "{C6CD83BD-E181-4492-8286-DFC9B81EA823}"
EndProject
Project("{9A19103F-16F7-4668-BE54-9A1E7A4F7556}") = "Lux-Lens.AppServices.Shared", "Lux-Lens.AppServices.Shared\Lux-Lens.AppServices.Shared.csproj", "{EB8ABEBC-347E-468B-A769-0F5273B6B369}"
EndProject
Project("{9A19103F-16F7-4668-BE54-9A1E7A4F7556}") = "ExampleClient", "ExampleClient\ExampleClient.csproj", "{34A3BBAC-BB05-46A2-9A70-43EAB4588476}"
EndProject
Project("{FAE04EC0-301F-11D3-BF4B-00C04F79EFBC}") = "Lux-Lens.UnitTest", "Lux-Lens.UnitTest\Lux-Lens.UnitTest.csproj", "{923F36C4-0E72-418C-94CD-9626038729DB}"
EndProject
Global
	GlobalSection(SolutionConfigurationPlatforms) = preSolution
		Debug|Any CPU = Debug|Any CPU
		Release|Any CPU = Release|Any CPU
	EndGlobalSection
	GlobalSection(ProjectConfigurationPlatforms) = postSolution
		{8515F6EA-50D5-49DB-B998-90FF477EB8EC}.Debug|Any CPU.ActiveCfg = Debug|Any CPU
		{8515F6EA-50D5-49DB-B998-90FF477EB8EC}.Debug|Any CPU.Build.0 = Debug|Any CPU
		{8515F6EA-50D5-49DB-B998-90FF477EB8EC}.Release|Any CPU.ActiveCfg = Release|Any CPU
		{8515F6EA-50D5-49DB-B998-90FF477EB8EC}.Release|Any CPU.Build.0 = Release|Any CPU
		{B73E74FF-E6A1-4135-A9B2-F6A535A5285D}.Debug|Any CPU.ActiveCfg = Debug|Any CPU
		{B73E74FF-E6A1-4135-A9B2-F6A535A5285D}.Debug|Any CPU.Build.0 = Debug|Any CPU
		{B73E74FF-E6A1-4135-A9B2-F6A535A5285D}.Release|Any CPU.ActiveCfg = Release|Any CPU
		{B73E74FF-E6A1-4135-A9B2-F6A535A5285D}.Release|Any CPU.Build.0 = Release|Any CPU
		{3ECC2A1D-F0DF-4587-8F8A-79D5363C484A}.Debug|Any CPU.ActiveCfg = Debug|Any CPU
		{3ECC2A1D-F0DF-4587-8F8A-79D5363C484A}.Debug|Any CPU.Build.0 = Debug|Any CPU
		{3ECC2A1D-F0DF-4587-8F8A-79D5363C484A}.Release|Any CPU.ActiveCfg = Release|Any CPU
		{3ECC2A1D-F0DF-4587-8F8A-79D5363C484A}.Release|Any CPU.Build.0 = Release|Any CPU
		{C33AA207-111D-4AFA-87BC-86F9960CA146}.Debug|Any CPU.ActiveCfg = Debug|Any CPU
		{C33AA207-111D-4AFA-87BC-86F9960CA146}.Debug|Any CPU.Build.0 = Debug|Any CPU
		{C33AA207-111D-4AFA-87BC-86F9960CA146}.Release|Any CPU.ActiveCfg = Release|Any CPU
		{C33AA207-111D-4AFA-87BC-86F9960CA146}.Release|Any CPU.Build.0 = Release|Any CPU
		{C6CD83BD-E181-4492-8286-DFC9B81EA823}.Debug|Any CPU.ActiveCfg = Debug|Any CPU
		{C6CD83BD-E181-4492-8286-DFC9B81EA823}.Debug|Any CPU.Build.0 = Debug|Any CPU
		{C6CD83BD-E181-4492-8286-DFC9B81EA823}.Release|Any CPU.ActiveCfg = Release|Any CPU
		{C6CD83BD-E181-4492-8286-DFC9B81EA823}.Release|Any CPU.Build.0 = Release|Any CPU
		{EB8ABEBC-347E-468B-A769-0F5273B6B369}.Debug|Any CPU.ActiveCfg = Debug|Any CPU
		{EB8ABEBC-347E-468B-A769-0F5273B6B369}.Debug|Any CPU.Build.0 = Debug|Any CPU
		{EB8ABEBC-347E-468B-A769-0F5273B6B369}.Release|Any CPU.ActiveCfg = Release|Any CPU
		{EB8ABEBC-347E-468B-A769-0F5273B6B369}.Release|Any CPU.Build.0 = Release|Any CPU
		{34A3BBAC-BB05-46A2-9A70-43EAB4588476}.Debug|Any CPU.ActiveCfg = Debug|Any CPU
		{34A3BBAC-BB05-46A2-9A70-43EAB4588476}.Debug|Any CPU.Build.0 = Debug|Any CPU
		{34A3BBAC-BB05-46A2-9A70-43EAB4588476}.Release|Any CPU.ActiveCfg = Release|Any CPU
		{34A3BBAC-BB05-46A2-9A70-43EAB4588476}.Release|Any CPU.Build.0 = Release|Any CPU
		{923F36C4-0E72-418C-94CD-9626038729DB}.Debug|Any CPU.ActiveCfg = Debug|Any CPU
		{923F36C4-0E72-418C-94CD-9626038729DB}.Debug|Any CPU.Build.0 = Debug|Any CPU
		{923F36C4-0E72-418C-94CD-9626038729DB}.Release|Any CPU.ActiveCfg = Release|Any CPU
		{923F36C4-0E72-418C-94CD-9626038729DB}.Release|Any CPU.Build.0 = Release|Any CPU
	EndGlobalSection
	GlobalSection(SolutionProperties) = preSolution
		HideSolutionNode = FALSE
	EndGlobalSection
	GlobalSection(ExtensibilityGlobals) = postSolution
		SolutionGuid = {B09D1AE6-FA37-4505-A4D2-035DD25DAB27}
	EndGlobalSection
EndGlobal
